<?xml version="1.0" encoding="utf-8"?>
<Project ToolsVersion="4.0" xmlns="http://schemas.microsoft.com/developer/msbuild/2003">
  <ItemGroup>
    <ClCompile Include="Article.cpp" />
    <ClCompile Include="AssemblyInfo.cpp" />
    <ClCompile Include="conversion.cpp" />
    <ClCompile Include="FormEditArticle.cpp" />
    <ClCompile Include="Magazine.cpp" />
    <ClCompile Include="DigitalRes.cpp" />
    <ClCompile Include="Book.cpp" />
    <ClCompile Include="CD.cpp" />
    <ClCompile Include="cipher.cpp" />
    <ClCompile Include="video.cpp" />
    <ClCompile Include="FormHome.cpp" />
    <ClCompile Include="FormNewArticle.cpp" />
    <ClCompile Include="FormNewUser.cpp" />
    <ClCompile Include="Library.cpp" />
    <ClCompile Include="PG208_Library.cpp" />
    <ClCompile Include="popups.cpp" />
    <ClCompile Include="stdafx.cpp" />
    <ClCompile Include="User.cpp" />
  </ItemGroup>
  <ItemGroup>
    <ClInclude Include="Article.h" />
    <ClInclude Include="conversion.h" />
    <ClInclude Include="FormBorrowArticle.h" />
    <ClInclude Include="Magazine.h" />
    <ClInclude Include="DigitalRes.h" />
    <ClInclude Include="Book.h" />
    <ClInclude Include="CD.h" />
    <ClInclude Include="cipher.h" />
    <ClInclude Include="video.h" />
    <ClInclude Include="FormHomeAdmin.h" />
    <ClInclude Include="FormLogOn.h" />
    <ClInclude Include="FormNewArticle.h" />
    <ClInclude Include="FormNewUser.h" />
    <ClInclude Include="Library.h" />
    <ClInclude Include="popups.h" />
    <ClInclude Include="resource.h" />
    <ClInclude Include="stdafx.h" />
    <ClInclude Include="User.h" />
  </ItemGroup>
  <ItemGroup>
    <ResourceCompile Include="app.rc" />
  </ItemGroup>
  <ItemGroup>
    <EmbeddedResource Include="FormBorrowArticle.resx" />
    <EmbeddedResource Include="FormHomeAdmin.resx" />
    <EmbeddedResource Include="FormLogOn.resX" />
    <EmbeddedResource Include="FormNewArticle.resx" />
    <EmbeddedResource Include="FormNewUser.resx" />
  </ItemGroup>
  <ItemGroup>
    <None Include="app.ico" />
    <None Include="Article.datasource" />
    <None Include="ReadMe.txt" />
    <None Include="ClassDiagram1.cd" />
  </ItemGroup>
</Project>