<?xml version="1.0" encoding="utf-8"?>
<Project ToolsVersion="4.0" xmlns="http://schemas.microsoft.com/developer/msbuild/2003">
  <ItemGroup>
    <ClCompile Include="AssemblyInfo.cpp" />
    <ClCompile Include="FormCancelReservations.cpp" />
    <ClCompile Include="FormEditArticle.cpp" />
    <ClCompile Include="FormHome.cpp" />
    <ClCompile Include="FormNewArticle.cpp" />
    <ClCompile Include="FormNewUser.cpp" />
    <ClCompile Include="PG208_Library.cpp" />
    <ClCompile Include="Article.cpp">
      <Filter>Sources</Filter>
    </ClCompile>
    <ClCompile Include="Book.cpp">
      <Filter>Sources</Filter>
    </ClCompile>
    <ClCompile Include="CD.cpp">
      <Filter>Sources</Filter>
    </ClCompile>
    <ClCompile Include="cipher.cpp">
      <Filter>Sources</Filter>
    </ClCompile>
    <ClCompile Include="conversion.cpp">
      <Filter>Sources</Filter>
    </ClCompile>
    <ClCompile Include="DigitalRes.cpp">
      <Filter>Sources</Filter>
    </ClCompile>
    <ClCompile Include="video.cpp">
      <Filter>Sources</Filter>
    </ClCompile>
    <ClCompile Include="search.cpp">
      <Filter>Sources</Filter>
    </ClCompile>
    <ClCompile Include="stdafx.cpp">
      <Filter>Sources</Filter>
    </ClCompile>
    <ClCompile Include="User.cpp">
      <Filter>Sources</Filter>
    </ClCompile>
    <ClCompile Include="popups.cpp">
      <Filter>Sources</Filter>
    </ClCompile>
    <ClCompile Include="Magazine.cpp">
      <Filter>Sources</Filter>
    </ClCompile>
    <ClCompile Include="Library.cpp">
      <Filter>Sources</Filter>
    </ClCompile>
  </ItemGroup>
  <ItemGroup>
    <ClInclude Include="FormBorrowArticle.h" />
    <ClInclude Include="FormCancelReservations.h" />
    <ClInclude Include="FormHomeAdmin.h" />
    <ClInclude Include="FormLogOn.h" />
    <ClInclude Include="FormNewArticle.h" />
    <ClInclude Include="FormNewUser.h" />
    <ClInclude Include="resource.h" />
    <ClInclude Include="Article.h">
      <Filter>Includes</Filter>
    </ClInclude>
    <ClInclude Include="Book.h">
      <Filter>Includes</Filter>
    </ClInclude>
    <ClInclude Include="CD.h">
      <Filter>Includes</Filter>
    </ClInclude>
    <ClInclude Include="cipher.h">
      <Filter>Includes</Filter>
    </ClInclude>
    <ClInclude Include="conversion.h">
      <Filter>Includes</Filter>
    </ClInclude>
    <ClInclude Include="DigitalRes.h">
      <Filter>Includes</Filter>
    </ClInclude>
    <ClInclude Include="video.h">
      <Filter>Includes</Filter>
    </ClInclude>
    <ClInclude Include="User.h">
      <Filter>Includes</Filter>
    </ClInclude>
    <ClInclude Include="stdafx.h">
      <Filter>Includes</Filter>
    </ClInclude>
    <ClInclude Include="search.h">
      <Filter>Includes</Filter>
    </ClInclude>
    <ClInclude Include="popups.h">
      <Filter>Includes</Filter>
    </ClInclude>
    <ClInclude Include="Magazine.h">
      <Filter>Includes</Filter>
    </ClInclude>
    <ClInclude Include="Library.h">
      <Filter>Includes</Filter>
    </ClInclude>
  </ItemGroup>
  <ItemGroup>
    <ResourceCompile Include="app.rc" />
  </ItemGroup>
  <ItemGroup>
    <EmbeddedResource Include="FormBorrowArticle.resx" />
    <EmbeddedResource Include="FormCancelReservations.resx" />
    <EmbeddedResource Include="FormHomeAdmin.resx" />
    <EmbeddedResource Include="FormLogOn.resX" />
    <EmbeddedResource Include="FormNewArticle.resx" />
    <EmbeddedResource Include="FormNewUser.resx" />
  </ItemGroup>
  <ItemGroup>
    <None Include="app.ico" />
    <None Include="Article.datasource" />
    <None Include="ClassDiagram1.cd" />
    <None Include="ReadMe.txt" />
  </ItemGroup>
  <ItemGroup>
    <Filter Include="Sources">
      <UniqueIdentifier>{b633f0d6-6436-4ea0-9060-52c13b4a864d}</UniqueIdentifier>
    </Filter>
    <Filter Include="Includes">
      <UniqueIdentifier>{6c5728cc-e40e-4ceb-b5ec-2a7602f5402f}</UniqueIdentifier>
    </Filter>
  </ItemGroup>
</Project>