<?xml version="1.0" encoding="utf-8"?>
<Project ToolsVersion="4.0" xmlns="http://schemas.microsoft.com/developer/msbuild/2003">
  <ItemGroup>
    <ClCompile Include="Article.cpp">
      <Filter>Code</Filter>
    </ClCompile>
    <ClCompile Include="CD.cpp">
      <Filter>Code</Filter>
    </ClCompile>
    <ClCompile Include="cipher.cpp">
      <Filter>Code</Filter>
    </ClCompile>
    <ClCompile Include="Library.cpp">
      <Filter>Code</Filter>
    </ClCompile>
    <ClCompile Include="PG208_Library.cpp">
      <Filter>Code</Filter>
    </ClCompile>
    <ClCompile Include="popups.cpp">
      <Filter>Code</Filter>
    </ClCompile>
    <ClCompile Include="video.cpp">
      <Filter>Code</Filter>
    </ClCompile>
    <ClCompile Include="FormHome.cpp">
      <Filter>Other Stuff</Filter>
    </ClCompile>
    <ClCompile Include="AssemblyInfo.cpp">
      <Filter>Other Stuff</Filter>
    </ClCompile>
    <ClCompile Include="FormNewArticle.cpp">
      <Filter>Other Stuff</Filter>
    </ClCompile>
    <ClCompile Include="stdafx.cpp">
      <Filter>Other Stuff</Filter>
    </ClCompile>
    <ClCompile Include="FormNewUser.cpp">
      <Filter>Other Stuff</Filter>
    </ClCompile>
    <ClCompile Include="FormEditArticle.cpp" />
    <ClCompile Include="Book.cpp">
      <Filter>Code</Filter>
    </ClCompile>
    <ClCompile Include="NumericRes.cpp">
      <Filter>Code</Filter>
    </ClCompile>
<<<<<<< HEAD
    <ClCompile Include="Periodical.cpp" />
=======
    <ClCompile Include="conversion.cpp">
      <Filter>Code</Filter>
    </ClCompile>
>>>>>>> origin/master
  </ItemGroup>
  <ItemGroup>
    <ClInclude Include="FormHomeAdmin.h" />
    <ClInclude Include="FormLogOn.h" />
    <ClInclude Include="FormNewArticle.h" />
    <ClInclude Include="FormNewUser.h" />
    <ClInclude Include="Article.h">
      <Filter>Header Files</Filter>
    </ClInclude>
    <ClInclude Include="CD.h">
      <Filter>Header Files</Filter>
    </ClInclude>
    <ClInclude Include="cipher.h">
      <Filter>Header Files</Filter>
    </ClInclude>
    <ClInclude Include="Library.h">
      <Filter>Header Files</Filter>
    </ClInclude>
    <ClInclude Include="popups.h">
      <Filter>Header Files</Filter>
    </ClInclude>
    <ClInclude Include="stdafx.h">
      <Filter>Header Files</Filter>
    </ClInclude>
    <ClInclude Include="video.h">
      <Filter>Header Files</Filter>
    </ClInclude>
    <ClInclude Include="resource.h">
      <Filter>Other Stuff</Filter>
    </ClInclude>
    <ClInclude Include="FormEditArticle.h" />
    <ClInclude Include="Book.h">
      <Filter>Header Files</Filter>
    </ClInclude>
    <ClInclude Include="NumericRes.h">
      <Filter>Header Files</Filter>
    </ClInclude>
<<<<<<< HEAD
    <ClInclude Include="Periodical.h" />
=======
    <ClInclude Include="conversion.h">
      <Filter>Header Files</Filter>
    </ClInclude>
>>>>>>> origin/master
  </ItemGroup>
  <ItemGroup>
    <EmbeddedResource Include="FormHomeAdmin.resx" />
    <EmbeddedResource Include="FormLogOn.resX" />
    <EmbeddedResource Include="FormNewArticle.resx" />
    <EmbeddedResource Include="FormNewUser.resx" />
    <EmbeddedResource Include="FormEditArticle.resx" />
  </ItemGroup>
  <ItemGroup>
    <None Include="app.ico">
      <Filter>Other Stuff</Filter>
    </None>
    <None Include="Article.datasource">
      <Filter>Other Stuff</Filter>
    </None>
    <None Include="ReadMe.txt">
      <Filter>Other Stuff</Filter>
    </None>
  </ItemGroup>
  <ItemGroup>
    <Filter Include="Header Files">
      <UniqueIdentifier>{74b786dd-ded6-463a-a0b1-dbebb393cbb7}</UniqueIdentifier>
    </Filter>
    <Filter Include="Code">
      <UniqueIdentifier>{6e3bb9b6-f64f-4874-a8ee-740c9ee7c7be}</UniqueIdentifier>
    </Filter>
    <Filter Include="Other Stuff">
      <UniqueIdentifier>{ff2a771c-b562-4c41-90cc-f2772fd8997f}</UniqueIdentifier>
    </Filter>
  </ItemGroup>
  <ItemGroup>
    <ResourceCompile Include="app.rc">
      <Filter>Other Stuff</Filter>
    </ResourceCompile>
  </ItemGroup>
</Project>